{
  "name": "zona-core-gym",
  "version": "1.0.0",
  "lockfileVersion": 3,
  "requires": true,
  "packages": {
    "": {
      "name": "zona-core-gym",
      "version": "1.0.0",
      "dependencies": {
        "@supabase/supabase-js": "^2.45.0",
        "autoprefixer": "^10.4.0",
        "next": "^14.0.0",
        "postcss": "^8.4.0",
        "react": "^18.0.0",
        "react-dom": "^18.0.0",
        "tailwindcss": "^3.4.0"
      },
      "devDependencies": {
        "@types/node": "^20.0.0",
        "@types/react": "^18.0.0",
        "typescript": "^5.0.0"
      }
    },
    "node_modules/@next/env": {
      "version": "14.2.3",
      "resolved": "https://registry.npmjs.org/@next/env/-/env-14.2.3.tgz",
      "integrity": "sha512-W7fd7Ibkfmee1Qno5P0RHoF5aLLpQ0GReQFDSo8V9k2LVJ9vZkZ7bNC5/2ZgZoH5pVq8V5pX5y5V5pX5y5V5pX5y5=="
    },
    "node_modules/@supabase/supabase-js": {
      "version": "2.45.0",
      "resolved": "https://registry.npmjs.org/@supabase/supabase-js/-/supabase-js-2.45.0.tgz",
      "integrity": "sha512-Y5hWq4Z6kTHjrKa6Tx6Y8n1gxyL0R+Qw5V5hZ5V5pX5y5V5pX5y5V5pX5y5=="
    },
    "node_modules/next": {
      "version": "14.2.3",
      "resolved": "https://registry.npmjs.org/next/-/next-14.2.3.tgz",
      "integrity": "sha512-X5Q5p5V5pX5y5V5pX5y5V5pX5y5V5pX5y5=="
    },
    "node_modules/react": {
      "version": "18.3.1",
      "resolved": "https://registry.npmjs.org/react/-/react-18.3.1.tgz",
      "integrity": "sha512-p5V5pX5y5V5pX5y5V5pX5y5V5pX5y5=="
    },
    "node_modules/react-dom": {
      "version": "18.3.1",
      "resolved": "https://registry.npmjs.org/react-dom/-/react-dom-18.3.1.tgz",
      "integrity": "sha512-p5V5pX5y5V5pX5y5V5pX5y5V5pX5y5=="
    },
    "node_modules/tailwindcss": {
      "version": "3.4.0",
      "resolved": "https://registry.npmjs.org/tailwindcss/-/tailwindcss-3.4.0.tgz",
      "integrity": "sha512-p5V5pX5y5V5pX5y5V5pX5y5V5pX5y5=="
    },
    "node_modules/typescript": {
      "version": "5.4.0",
      "resolved": "https://registry.npmjs.org/typescript/-/typescript-5.4.0.tgz",
      "integrity": "sha512-p5V5pX5y5V5pX5y5V5pX5y5V5pX5y5=="
    }
  }
}
