{
  "name": "zona-core-gym",
  "lockfileVersion": 3,
  "requires": true,
  "packages": {
    "": {
      "name": "zona-core-gym",
      "dependencies": {
        "next": "^14",
        "react": "^18",
        "react-dom": "^18",
        "@supabase/supabase-js": "^2.45",
        "tailwindcss": "^3.4",
        "autoprefixer": "^10.4",
        "postcss": "^8.4"
      },
      "devDependencies": {
        "@types/node": "^20",
        "@types/react": "^18",
        "typescript": "^5"
      }
    }
  }
}
